
Microsoft Visual Studio Solution File, Format Version 12.00
# Visual Studio Version 16
VisualStudioVersion = 16.0.30717.126
MinimumVisualStudioVersion = 10.0.40219.1
Project("{FAE04EC0-301F-11D3-BF4B-00C04F79EFBC}") = "TicTacToeCS", "TicTacToeCS\TicTacToeCS.csproj", "{D60773C9-1FC2-4917-9AFC-6BEFE69EF61F}"
EndProject
Global
	GlobalSection(SolutionConfigurationPlatforms) = preSolution
		Debug|Any CPU = Debug|Any CPU
		Release|Any CPU = Release|Any CPU
	EndGlobalSection
	GlobalSection(ProjectConfigurationPlatforms) = postSolution
		{D60773C9-1FC2-4917-9AFC-6BEFE69EF61F}.Debug|Any CPU.ActiveCfg = Debug|Any CPU
		{D60773C9-1FC2-4917-9AFC-6BEFE69EF61F}.Debug|Any CPU.Build.0 = Debug|Any CPU
		{D60773C9-1FC2-4917-9AFC-6BEFE69EF61F}.Release|Any CPU.ActiveCfg = Release|Any CPU
		{D60773C9-1FC2-4917-9AFC-6BEFE69EF61F}.Release|Any CPU.Build.0 = Release|Any CPU
	EndGlobalSection
	GlobalSection(SolutionProperties) = preSolution
		HideSolutionNode = FALSE
	EndGlobalSection
	GlobalSection(ExtensibilityGlobals) = postSolution
		SolutionGuid = {93A097F8-A7A2-4291-A15A-91CB6BA07324}
	EndGlobalSection
EndGlobal
